// !$*UTF8*$!
{
	archiveVersion = 1;
	classes = {
	};
	objectVersion = 46;
	objects = {

/* Begin PBXBuildFile section */
		2B5F3EBE1B7A899600E10F89 /* AppDelegate.swift in Sources */ = {isa = PBXBuildFile; fileRef = 2B5F3EBD1B7A899600E10F89 /* AppDelegate.swift */; };
		2B5F3EC31B7A899600E10F89 /* Main.storyboard in Resources */ = {isa = PBXBuildFile; fileRef = 2B5F3EC11B7A899600E10F89 /* Main.storyboard */; };
		2B5F3EC81B7A899600E10F89 /* LaunchScreen.xib in Resources */ = {isa = PBXBuildFile; fileRef = 2B5F3EC61B7A899600E10F89 /* LaunchScreen.xib */; };
		2B5F3ED41B7A899600E10F89 /* Wat_NextTests.swift in Sources */ = {isa = PBXBuildFile; fileRef = 2B5F3ED31B7A899600E10F89 /* Wat_NextTests.swift */; };
		2B5F3EE01B7A8A3600E10F89 /* Bolts.framework in Frameworks */ = {isa = PBXBuildFile; fileRef = 2B5F3EDE1B7A8A3600E10F89 /* Bolts.framework */; };
		2B5F3EE11B7A8A3600E10F89 /* Parse.framework in Frameworks */ = {isa = PBXBuildFile; fileRef = 2B5F3EDF1B7A8A3600E10F89 /* Parse.framework */; };
		2B5F3EE31B7A8A4500E10F89 /* ParseUI.framework in Frameworks */ = {isa = PBXBuildFile; fileRef = 2B5F3EE21B7A8A4500E10F89 /* ParseUI.framework */; };
		2B5F3EE51B7A8A6700E10F89 /* AudioToolbox.framework in Frameworks */ = {isa = PBXBuildFile; fileRef = 2B5F3EE41B7A8A6700E10F89 /* AudioToolbox.framework */; };
		2B5F3EE71B7A8A6B00E10F89 /* CFNetwork.framework in Frameworks */ = {isa = PBXBuildFile; fileRef = 2B5F3EE61B7A8A6B00E10F89 /* CFNetwork.framework */; };
		2B5F3EE91B7A8A7200E10F89 /* CoreGraphics.framework in Frameworks */ = {isa = PBXBuildFile; fileRef = 2B5F3EE81B7A8A7200E10F89 /* CoreGraphics.framework */; };
		2B5F3EEB1B7A8A7700E10F89 /* CoreLocation.framework in Frameworks */ = {isa = PBXBuildFile; fileRef = 2B5F3EEA1B7A8A7700E10F89 /* CoreLocation.framework */; };
		2B5F3EED1B7A8A7D00E10F89 /* QuartzCore.framework in Frameworks */ = {isa = PBXBuildFile; fileRef = 2B5F3EEC1B7A8A7D00E10F89 /* QuartzCore.framework */; };
		2B5F3EEF1B7A8A8300E10F89 /* Security.framework in Frameworks */ = {isa = PBXBuildFile; fileRef = 2B5F3EEE1B7A8A8300E10F89 /* Security.framework */; };
		2B5F3EF31B7A8A8E00E10F89 /* SystemConfiguration.framework in Frameworks */ = {isa = PBXBuildFile; fileRef = 2B5F3EF21B7A8A8E00E10F89 /* SystemConfiguration.framework */; };
		2B5F3EF51B7A8A9300E10F89 /* libz.dylib in Frameworks */ = {isa = PBXBuildFile; fileRef = 2B5F3EF41B7A8A9300E10F89 /* libz.dylib */; };
		2B5F3EF71B7A8A9900E10F89 /* libsqlite3.dylib in Frameworks */ = {isa = PBXBuildFile; fileRef = 2B5F3EF61B7A8A9900E10F89 /* libsqlite3.dylib */; };
		2B5F3EF91B7A8AA100E10F89 /* Accounts.framework in Frameworks */ = {isa = PBXBuildFile; fileRef = 2B5F3EF81B7A8AA100E10F89 /* Accounts.framework */; };
		2B5F3EFB1B7A8AA600E10F89 /* Social.framework in Frameworks */ = {isa = PBXBuildFile; fileRef = 2B5F3EFA1B7A8AA600E10F89 /* Social.framework */; };
		2B5F3F021B7A921B00E10F89 /* FeedViewController.swift in Sources */ = {isa = PBXBuildFile; fileRef = 2B5F3F011B7A921B00E10F89 /* FeedViewController.swift */; };
		2B5F3F041B7A928900E10F89 /* LoginViewController.swift in Sources */ = {isa = PBXBuildFile; fileRef = 2B5F3F031B7A928900E10F89 /* LoginViewController.swift */; };
		2B5F3F0B1B7BB5EB00E10F89 /* FeedItem.swift in Sources */ = {isa = PBXBuildFile; fileRef = 2B5F3F0A1B7BB5EB00E10F89 /* FeedItem.swift */; };
		2B5F3F0F1B7BB65200E10F89 /* Venue.swift in Sources */ = {isa = PBXBuildFile; fileRef = 2B5F3F0E1B7BB65200E10F89 /* Venue.swift */; };
		2B5F3F121B7BB78900E10F89 /* Images.xcassets in Resources */ = {isa = PBXBuildFile; fileRef = 2B5F3F111B7BB78900E10F89 /* Images.xcassets */; };
		2B5F3F141B7BBB5D00E10F89 /* FeedViewCell.swift in Sources */ = {isa = PBXBuildFile; fileRef = 2B5F3F131B7BBB5D00E10F89 /* FeedViewCell.swift */; };
		2B5F3F1E1B7BEE9900E10F89 /* Angelface.otf in Resources */ = {isa = PBXBuildFile; fileRef = 2B5F3F1D1B7BEE9900E10F89 /* Angelface.otf */; };
		2B5F3F201B7CF54600E10F89 /* VenueViewController.swift in Sources */ = {isa = PBXBuildFile; fileRef = 2B5F3F1F1B7CF54600E10F89 /* VenueViewController.swift */; };
		2B5F3F221B7CF57400E10F89 /* VenueViewCell.swift in Sources */ = {isa = PBXBuildFile; fileRef = 2B5F3F211B7CF57400E10F89 /* VenueViewCell.swift */; };
		2B99F2C21B7D1D8500AFC30B /* SelectViewController.swift in Sources */ = {isa = PBXBuildFile; fileRef = 2B99F2C11B7D1D8500AFC30B /* SelectViewController.swift */; };
		2B99F2C41B88018D00AFC30B /* JLTTabSegue.m in Sources */ = {isa = PBXBuildFile; fileRef = 2B99F2C31B88018D00AFC30B /* JLTTabSegue.m */; };
		2B99F2C71B8D094C00AFC30B /* GlowingButton.swift in Sources */ = {isa = PBXBuildFile; fileRef = 2B99F2C61B8D094C00AFC30B /* GlowingButton.swift */; };
/* End PBXBuildFile section */

/* Begin PBXContainerItemProxy section */
		2B5F3ECE1B7A899600E10F89 /* PBXContainerItemProxy */ = {
			isa = PBXContainerItemProxy;
			containerPortal = 2B5F3EB01B7A899600E10F89 /* Project object */;
			proxyType = 1;
			remoteGlobalIDString = 2B5F3EB71B7A899600E10F89;
			remoteInfo = "Wat Next";
		};
/* End PBXContainerItemProxy section */

/* Begin PBXFileReference section */
		2B5F3EB81B7A899600E10F89 /* What's Next.app */ = {isa = PBXFileReference; explicitFileType = wrapper.application; includeInIndex = 0; path = "What's Next.app"; sourceTree = BUILT_PRODUCTS_DIR; };
		2B5F3EBC1B7A899600E10F89 /* Info.plist */ = {isa = PBXFileReference; lastKnownFileType = text.plist.xml; path = Info.plist; sourceTree = "<group>"; };
		2B5F3EBD1B7A899600E10F89 /* AppDelegate.swift */ = {isa = PBXFileReference; lastKnownFileType = sourcecode.swift; path = AppDelegate.swift; sourceTree = "<group>"; };
		2B5F3EC21B7A899600E10F89 /* Base */ = {isa = PBXFileReference; lastKnownFileType = file.storyboard; name = Base; path = Base.lproj/Main.storyboard; sourceTree = "<group>"; };
		2B5F3EC71B7A899600E10F89 /* Base */ = {isa = PBXFileReference; lastKnownFileType = file.xib; name = Base; path = Base.lproj/LaunchScreen.xib; sourceTree = "<group>"; };
		2B5F3ECD1B7A899600E10F89 /* What's NextTests.xctest */ = {isa = PBXFileReference; explicitFileType = wrapper.cfbundle; includeInIndex = 0; path = "What's NextTests.xctest"; sourceTree = BUILT_PRODUCTS_DIR; };
		2B5F3ED21B7A899600E10F89 /* Info.plist */ = {isa = PBXFileReference; lastKnownFileType = text.plist.xml; path = Info.plist; sourceTree = "<group>"; };
		2B5F3ED31B7A899600E10F89 /* Wat_NextTests.swift */ = {isa = PBXFileReference; lastKnownFileType = sourcecode.swift; path = Wat_NextTests.swift; sourceTree = "<group>"; };
		2B5F3EDE1B7A8A3600E10F89 /* Bolts.framework */ = {isa = PBXFileReference; lastKnownFileType = wrapper.framework; path = Bolts.framework; sourceTree = "<group>"; };
		2B5F3EDF1B7A8A3600E10F89 /* Parse.framework */ = {isa = PBXFileReference; lastKnownFileType = wrapper.framework; path = Parse.framework; sourceTree = "<group>"; };
		2B5F3EE21B7A8A4500E10F89 /* ParseUI.framework */ = {isa = PBXFileReference; lastKnownFileType = wrapper.framework; path = ParseUI.framework; sourceTree = "<group>"; };
		2B5F3EE41B7A8A6700E10F89 /* AudioToolbox.framework */ = {isa = PBXFileReference; lastKnownFileType = wrapper.framework; name = AudioToolbox.framework; path = System/Library/Frameworks/AudioToolbox.framework; sourceTree = SDKROOT; };
		2B5F3EE61B7A8A6B00E10F89 /* CFNetwork.framework */ = {isa = PBXFileReference; lastKnownFileType = wrapper.framework; name = CFNetwork.framework; path = System/Library/Frameworks/CFNetwork.framework; sourceTree = SDKROOT; };
		2B5F3EE81B7A8A7200E10F89 /* CoreGraphics.framework */ = {isa = PBXFileReference; lastKnownFileType = wrapper.framework; name = CoreGraphics.framework; path = System/Library/Frameworks/CoreGraphics.framework; sourceTree = SDKROOT; };
		2B5F3EEA1B7A8A7700E10F89 /* CoreLocation.framework */ = {isa = PBXFileReference; lastKnownFileType = wrapper.framework; name = CoreLocation.framework; path = System/Library/Frameworks/CoreLocation.framework; sourceTree = SDKROOT; };
		2B5F3EEC1B7A8A7D00E10F89 /* QuartzCore.framework */ = {isa = PBXFileReference; lastKnownFileType = wrapper.framework; name = QuartzCore.framework; path = System/Library/Frameworks/QuartzCore.framework; sourceTree = SDKROOT; };
		2B5F3EEE1B7A8A8300E10F89 /* Security.framework */ = {isa = PBXFileReference; lastKnownFileType = wrapper.framework; name = Security.framework; path = System/Library/Frameworks/Security.framework; sourceTree = SDKROOT; };
		2B5F3EF21B7A8A8E00E10F89 /* SystemConfiguration.framework */ = {isa = PBXFileReference; lastKnownFileType = wrapper.framework; name = SystemConfiguration.framework; path = System/Library/Frameworks/SystemConfiguration.framework; sourceTree = SDKROOT; };
		2B5F3EF41B7A8A9300E10F89 /* libz.dylib */ = {isa = PBXFileReference; lastKnownFileType = "compiled.mach-o.dylib"; name = libz.dylib; path = usr/lib/libz.dylib; sourceTree = SDKROOT; };
		2B5F3EF61B7A8A9900E10F89 /* libsqlite3.dylib */ = {isa = PBXFileReference; lastKnownFileType = "compiled.mach-o.dylib"; name = libsqlite3.dylib; path = usr/lib/libsqlite3.dylib; sourceTree = SDKROOT; };
		2B5F3EF81B7A8AA100E10F89 /* Accounts.framework */ = {isa = PBXFileReference; lastKnownFileType = wrapper.framework; name = Accounts.framework; path = System/Library/Frameworks/Accounts.framework; sourceTree = SDKROOT; };
		2B5F3EFA1B7A8AA600E10F89 /* Social.framework */ = {isa = PBXFileReference; lastKnownFileType = wrapper.framework; name = Social.framework; path = System/Library/Frameworks/Social.framework; sourceTree = SDKROOT; };
		2B5F3F011B7A921B00E10F89 /* FeedViewController.swift */ = {isa = PBXFileReference; fileEncoding = 4; lastKnownFileType = sourcecode.swift; name = FeedViewController.swift; path = "Wat Next/FeedViewController.swift"; sourceTree = "<group>"; };
		2B5F3F031B7A928900E10F89 /* LoginViewController.swift */ = {isa = PBXFileReference; fileEncoding = 4; lastKnownFileType = sourcecode.swift; name = LoginViewController.swift; path = "Wat Next/LoginViewController.swift"; sourceTree = "<group>"; };
		2B5F3F051B7A931500E10F89 /* Wat Next-Bridging-Header.h */ = {isa = PBXFileReference; lastKnownFileType = sourcecode.c.h; path = "Wat Next-Bridging-Header.h"; sourceTree = "<group>"; };
		2B5F3F0A1B7BB5EB00E10F89 /* FeedItem.swift */ = {isa = PBXFileReference; fileEncoding = 4; lastKnownFileType = sourcecode.swift; path = FeedItem.swift; sourceTree = "<group>"; };
		2B5F3F0E1B7BB65200E10F89 /* Venue.swift */ = {isa = PBXFileReference; fileEncoding = 4; lastKnownFileType = sourcecode.swift; path = Venue.swift; sourceTree = "<group>"; };
		2B5F3F111B7BB78900E10F89 /* Images.xcassets */ = {isa = PBXFileReference; lastKnownFileType = folder.assetcatalog; path = Images.xcassets; sourceTree = "<group>"; };
		2B5F3F131B7BBB5D00E10F89 /* FeedViewCell.swift */ = {isa = PBXFileReference; fileEncoding = 4; lastKnownFileType = sourcecode.swift; path = FeedViewCell.swift; sourceTree = "<group>"; };
		2B5F3F1D1B7BEE9900E10F89 /* Angelface.otf */ = {isa = PBXFileReference; lastKnownFileType = file; path = Angelface.otf; sourceTree = "<group>"; };
		2B5F3F1F1B7CF54600E10F89 /* VenueViewController.swift */ = {isa = PBXFileReference; fileEncoding = 4; lastKnownFileType = sourcecode.swift; path = VenueViewController.swift; sourceTree = "<group>"; };
		2B5F3F211B7CF57400E10F89 /* VenueViewCell.swift */ = {isa = PBXFileReference; fileEncoding = 4; lastKnownFileType = sourcecode.swift; path = VenueViewCell.swift; sourceTree = "<group>"; };
		2B99F2C11B7D1D8500AFC30B /* SelectViewController.swift */ = {isa = PBXFileReference; fileEncoding = 4; lastKnownFileType = sourcecode.swift; path = SelectViewController.swift; sourceTree = "<group>"; };
		2B99F2C31B88018D00AFC30B /* JLTTabSegue.m */ = {isa = PBXFileReference; fileEncoding = 4; lastKnownFileType = sourcecode.c.objc; path = JLTTabSegue.m; sourceTree = "<group>"; };
		2B99F2C51B88019500AFC30B /* JLTTabSegue.h */ = {isa = PBXFileReference; lastKnownFileType = sourcecode.c.h; path = JLTTabSegue.h; sourceTree = "<group>"; };
		2B99F2C61B8D094C00AFC30B /* GlowingButton.swift */ = {isa = PBXFileReference; fileEncoding = 4; lastKnownFileType = sourcecode.swift; path = GlowingButton.swift; sourceTree = "<group>"; };
/* End PBXFileReference section */

/* Begin PBXFrameworksBuildPhase section */
		2B5F3EB51B7A899600E10F89 /* Frameworks */ = {
			isa = PBXFrameworksBuildPhase;
			buildActionMask = 2147483647;
			files = (
				2B5F3EFB1B7A8AA600E10F89 /* Social.framework in Frameworks */,
				2B5F3EF91B7A8AA100E10F89 /* Accounts.framework in Frameworks */,
				2B5F3EF71B7A8A9900E10F89 /* libsqlite3.dylib in Frameworks */,
				2B5F3EF51B7A8A9300E10F89 /* libz.dylib in Frameworks */,
				2B5F3EF31B7A8A8E00E10F89 /* SystemConfiguration.framework in Frameworks */,
				2B5F3EEF1B7A8A8300E10F89 /* Security.framework in Frameworks */,
				2B5F3EED1B7A8A7D00E10F89 /* QuartzCore.framework in Frameworks */,
				2B5F3EEB1B7A8A7700E10F89 /* CoreLocation.framework in Frameworks */,
				2B5F3EE91B7A8A7200E10F89 /* CoreGraphics.framework in Frameworks */,
				2B5F3EE71B7A8A6B00E10F89 /* CFNetwork.framework in Frameworks */,
				2B5F3EE51B7A8A6700E10F89 /* AudioToolbox.framework in Frameworks */,
				2B5F3EE31B7A8A4500E10F89 /* ParseUI.framework in Frameworks */,
				2B5F3EE11B7A8A3600E10F89 /* Parse.framework in Frameworks */,
				2B5F3EE01B7A8A3600E10F89 /* Bolts.framework in Frameworks */,
			);
			runOnlyForDeploymentPostprocessing = 0;
		};
		2B5F3ECA1B7A899600E10F89 /* Frameworks */ = {
			isa = PBXFrameworksBuildPhase;
			buildActionMask = 2147483647;
			files = (
			);
			runOnlyForDeploymentPostprocessing = 0;
		};
/* End PBXFrameworksBuildPhase section */

/* Begin PBXGroup section */
		2B5F3EAF1B7A899600E10F89 = {
			isa = PBXGroup;
			children = (
				2B5F3EFC1B7A8C3600E10F89 /* Library */,
				2B5F3EDD1B7A8A2400E10F89 /* Frameworks */,
				2B5F3EBA1B7A899600E10F89 /* Wat Next */,
				2B5F3ED01B7A899600E10F89 /* Wat NextTests */,
				2B5F3EB91B7A899600E10F89 /* Products */,
			);
			sourceTree = "<group>";
		};
		2B5F3EB91B7A899600E10F89 /* Products */ = {
			isa = PBXGroup;
			children = (
				2B5F3EB81B7A899600E10F89 /* What's Next.app */,
				2B5F3ECD1B7A899600E10F89 /* What's NextTests.xctest */,
			);
			name = Products;
			sourceTree = "<group>";
		};
		2B5F3EBA1B7A899600E10F89 /* Wat Next */ = {
			isa = PBXGroup;
			children = (
				2B5F3EBD1B7A899600E10F89 /* AppDelegate.swift */,
				2B5F3F0C1B7BB5F500E10F89 /* Model */,
				2B5F3F0D1B7BB60300E10F89 /* Controllers */,
				2B5F3EC11B7A899600E10F89 /* Main.storyboard */,
				2B5F3F111B7BB78900E10F89 /* Images.xcassets */,
				2B5F3EC61B7A899600E10F89 /* LaunchScreen.xib */,
				2B5F3EBB1B7A899600E10F89 /* Supporting Files */,
			);
			path = "Wat Next";
			sourceTree = "<group>";
		};
		2B5F3EBB1B7A899600E10F89 /* Supporting Files */ = {
			isa = PBXGroup;
			children = (
				2B5F3F1D1B7BEE9900E10F89 /* Angelface.otf */,
				2B5F3EBC1B7A899600E10F89 /* Info.plist */,
				2B5F3F051B7A931500E10F89 /* Wat Next-Bridging-Header.h */,
			);
			name = "Supporting Files";
			sourceTree = "<group>";
		};
		2B5F3ED01B7A899600E10F89 /* Wat NextTests */ = {
			isa = PBXGroup;
			children = (
				2B5F3ED31B7A899600E10F89 /* Wat_NextTests.swift */,
				2B5F3ED11B7A899600E10F89 /* Supporting Files */,
			);
			path = "Wat NextTests";
			sourceTree = "<group>";
		};
		2B5F3ED11B7A899600E10F89 /* Supporting Files */ = {
			isa = PBXGroup;
			children = (
				2B5F3ED21B7A899600E10F89 /* Info.plist */,
			);
			name = "Supporting Files";
			sourceTree = "<group>";
		};
		2B5F3EDD1B7A8A2400E10F89 /* Frameworks */ = {
			isa = PBXGroup;
			children = (
				2B5F3EFA1B7A8AA600E10F89 /* Social.framework */,
				2B5F3EF81B7A8AA100E10F89 /* Accounts.framework */,
				2B5F3EF61B7A8A9900E10F89 /* libsqlite3.dylib */,
				2B5F3EF41B7A8A9300E10F89 /* libz.dylib */,
				2B5F3EF21B7A8A8E00E10F89 /* SystemConfiguration.framework */,
				2B5F3EEE1B7A8A8300E10F89 /* Security.framework */,
				2B5F3EEC1B7A8A7D00E10F89 /* QuartzCore.framework */,
				2B5F3EEA1B7A8A7700E10F89 /* CoreLocation.framework */,
				2B5F3EE81B7A8A7200E10F89 /* CoreGraphics.framework */,
				2B5F3EE61B7A8A6B00E10F89 /* CFNetwork.framework */,
				2B5F3EE41B7A8A6700E10F89 /* AudioToolbox.framework */,
				2B5F3EE21B7A8A4500E10F89 /* ParseUI.framework */,
				2B5F3EDE1B7A8A3600E10F89 /* Bolts.framework */,
				2B5F3EDF1B7A8A3600E10F89 /* Parse.framework */,
			);
			name = Frameworks;
			sourceTree = "<group>";
		};
		2B5F3EFC1B7A8C3600E10F89 /* Library */ = {
			isa = PBXGroup;
			children = (
				2B99F2C51B88019500AFC30B /* JLTTabSegue.h */,
				2B99F2C31B88018D00AFC30B /* JLTTabSegue.m */,
				2B99F2C61B8D094C00AFC30B /* GlowingButton.swift */,
			);
			name = Library;
			sourceTree = "<group>";
		};
		2B5F3F0C1B7BB5F500E10F89 /* Model */ = {
			isa = PBXGroup;
			children = (
				2B5F3F0A1B7BB5EB00E10F89 /* FeedItem.swift */,
				2B5F3F0E1B7BB65200E10F89 /* Venue.swift */,
			);
			name = Model;
			path = ..;
			sourceTree = "<group>";
		};
		2B5F3F0D1B7BB60300E10F89 /* Controllers */ = {
			isa = PBXGroup;
			children = (
				2B5F3F031B7A928900E10F89 /* LoginViewController.swift */,
				2B5F3F011B7A921B00E10F89 /* FeedViewController.swift */,
				2B5F3F131B7BBB5D00E10F89 /* FeedViewCell.swift */,
				2B5F3F1F1B7CF54600E10F89 /* VenueViewController.swift */,
				2B5F3F211B7CF57400E10F89 /* VenueViewCell.swift */,
				2B99F2C11B7D1D8500AFC30B /* SelectViewController.swift */,
			);
			name = Controllers;
			path = ..;
			sourceTree = "<group>";
		};
/* End PBXGroup section */

/* Begin PBXNativeTarget section */
		2B5F3EB71B7A899600E10F89 /* What's Next */ = {
			isa = PBXNativeTarget;
			buildConfigurationList = 2B5F3ED71B7A899600E10F89 /* Build configuration list for PBXNativeTarget "What's Next" */;
			buildPhases = (
				2B5F3EB41B7A899600E10F89 /* Sources */,
				2B5F3EB51B7A899600E10F89 /* Frameworks */,
				2B5F3EB61B7A899600E10F89 /* Resources */,
			);
			buildRules = (
			);
			dependencies = (
			);
			name = "What's Next";
			productName = "Wat Next";
			productReference = 2B5F3EB81B7A899600E10F89 /* What's Next.app */;
			productType = "com.apple.product-type.application";
		};
		2B5F3ECC1B7A899600E10F89 /* What's NextTests */ = {
			isa = PBXNativeTarget;
			buildConfigurationList = 2B5F3EDA1B7A899600E10F89 /* Build configuration list for PBXNativeTarget "What's NextTests" */;
			buildPhases = (
				2B5F3EC91B7A899600E10F89 /* Sources */,
				2B5F3ECA1B7A899600E10F89 /* Frameworks */,
				2B5F3ECB1B7A899600E10F89 /* Resources */,
			);
			buildRules = (
			);
			dependencies = (
				2B5F3ECF1B7A899600E10F89 /* PBXTargetDependency */,
			);
			name = "What's NextTests";
			productName = "Wat NextTests";
			productReference = 2B5F3ECD1B7A899600E10F89 /* What's NextTests.xctest */;
			productType = "com.apple.product-type.bundle.unit-test";
		};
/* End PBXNativeTarget section */

/* Begin PBXProject section */
		2B5F3EB01B7A899600E10F89 /* Project object */ = {
			isa = PBXProject;
			attributes = {
				LastSwiftMigration = 0700;
				LastSwiftUpdateCheck = 0700;
				LastUpgradeCheck = 0700;
				ORGANIZATIONNAME = computer;
				TargetAttributes = {
					2B5F3EB71B7A899600E10F89 = {
						CreatedOnToolsVersion = 6.3;
						DevelopmentTeam = 8WK95HPW6T;
						SystemCapabilities = {
							com.apple.BackgroundModes = {
								enabled = 1;
							};
							com.apple.InAppPurchase = {
								enabled = 0;
							};
						};
					};
					2B5F3ECC1B7A899600E10F89 = {
						CreatedOnToolsVersion = 6.3;
						TestTargetID = 2B5F3EB71B7A899600E10F89;
					};
				};
			};
			buildConfigurationList = 2B5F3EB31B7A899600E10F89 /* Build configuration list for PBXProject "What's Next" */;
			compatibilityVersion = "Xcode 3.2";
			developmentRegion = English;
			hasScannedForEncodings = 0;
			knownRegions = (
				en,
				Base,
			);
			mainGroup = 2B5F3EAF1B7A899600E10F89;
			productRefGroup = 2B5F3EB91B7A899600E10F89 /* Products */;
			projectDirPath = "";
			projectRoot = "";
			targets = (
				2B5F3EB71B7A899600E10F89 /* What's Next */,
				2B5F3ECC1B7A899600E10F89 /* What's NextTests */,
			);
		};
/* End PBXProject section */

/* Begin PBXResourcesBuildPhase section */
		2B5F3EB61B7A899600E10F89 /* Resources */ = {
			isa = PBXResourcesBuildPhase;
			buildActionMask = 2147483647;
			files = (
				2B5F3F121B7BB78900E10F89 /* Images.xcassets in Resources */,
				2B5F3EC31B7A899600E10F89 /* Main.storyboard in Resources */,
				2B5F3F1E1B7BEE9900E10F89 /* Angelface.otf in Resources */,
				2B5F3EC81B7A899600E10F89 /* LaunchScreen.xib in Resources */,
			);
			runOnlyForDeploymentPostprocessing = 0;
		};
		2B5F3ECB1B7A899600E10F89 /* Resources */ = {
			isa = PBXResourcesBuildPhase;
			buildActionMask = 2147483647;
			files = (
			);
			runOnlyForDeploymentPostprocessing = 0;
		};
/* End PBXResourcesBuildPhase section */

/* Begin PBXSourcesBuildPhase section */
		2B5F3EB41B7A899600E10F89 /* Sources */ = {
			isa = PBXSourcesBuildPhase;
			buildActionMask = 2147483647;
			files = (
				2B99F2C21B7D1D8500AFC30B /* SelectViewController.swift in Sources */,
				2B5F3F0F1B7BB65200E10F89 /* Venue.swift in Sources */,
				2B5F3F021B7A921B00E10F89 /* FeedViewController.swift in Sources */,
				2B99F2C41B88018D00AFC30B /* JLTTabSegue.m in Sources */,
				2B5F3F141B7BBB5D00E10F89 /* FeedViewCell.swift in Sources */,
				2B5F3F221B7CF57400E10F89 /* VenueViewCell.swift in Sources */,
				2B5F3F041B7A928900E10F89 /* LoginViewController.swift in Sources */,
				2B5F3F0B1B7BB5EB00E10F89 /* FeedItem.swift in Sources */,
				2B99F2C71B8D094C00AFC30B /* GlowingButton.swift in Sources */,
				2B5F3F201B7CF54600E10F89 /* VenueViewController.swift in Sources */,
				2B5F3EBE1B7A899600E10F89 /* AppDelegate.swift in Sources */,
			);
			runOnlyForDeploymentPostprocessing = 0;
		};
		2B5F3EC91B7A899600E10F89 /* Sources */ = {
			isa = PBXSourcesBuildPhase;
			buildActionMask = 2147483647;
			files = (
				2B5F3ED41B7A899600E10F89 /* Wat_NextTests.swift in Sources */,
			);
			runOnlyForDeploymentPostprocessing = 0;
		};
/* End PBXSourcesBuildPhase section */

/* Begin PBXTargetDependency section */
		2B5F3ECF1B7A899600E10F89 /* PBXTargetDependency */ = {
			isa = PBXTargetDependency;
			target = 2B5F3EB71B7A899600E10F89 /* What's Next */;
			targetProxy = 2B5F3ECE1B7A899600E10F89 /* PBXContainerItemProxy */;
		};
/* End PBXTargetDependency section */

/* Begin PBXVariantGroup section */
		2B5F3EC11B7A899600E10F89 /* Main.storyboard */ = {
			isa = PBXVariantGroup;
			children = (
				2B5F3EC21B7A899600E10F89 /* Base */,
			);
			name = Main.storyboard;
			sourceTree = "<group>";
		};
		2B5F3EC61B7A899600E10F89 /* LaunchScreen.xib */ = {
			isa = PBXVariantGroup;
			children = (
				2B5F3EC71B7A899600E10F89 /* Base */,
			);
			name = LaunchScreen.xib;
			sourceTree = "<group>";
		};
/* End PBXVariantGroup section */

/* Begin XCBuildConfiguration section */
		2B5F3ED51B7A899600E10F89 /* Debug */ = {
			isa = XCBuildConfiguration;
			buildSettings = {
				ALWAYS_SEARCH_USER_PATHS = NO;
				CLANG_CXX_LANGUAGE_STANDARD = "gnu++0x";
				CLANG_CXX_LIBRARY = "libc++";
				CLANG_ENABLE_MODULES = YES;
				CLANG_ENABLE_OBJC_ARC = YES;
				CLANG_WARN_BOOL_CONVERSION = YES;
				CLANG_WARN_CONSTANT_CONVERSION = YES;
				CLANG_WARN_DIRECT_OBJC_ISA_USAGE = YES_ERROR;
				CLANG_WARN_EMPTY_BODY = YES;
				CLANG_WARN_ENUM_CONVERSION = YES;
				CLANG_WARN_INT_CONVERSION = YES;
				CLANG_WARN_OBJC_ROOT_CLASS = YES_ERROR;
				CLANG_WARN_UNREACHABLE_CODE = YES;
				CLANG_WARN__DUPLICATE_METHOD_MATCH = YES;
				"CODE_SIGN_IDENTITY[sdk=iphoneos*]" = "iPhone Developer";
				COPY_PHASE_STRIP = NO;
				DEBUG_INFORMATION_FORMAT = "dwarf-with-dsym";
				ENABLE_BITCODE = NO;
				ENABLE_STRICT_OBJC_MSGSEND = YES;
				ENABLE_TESTABILITY = YES;
				GCC_C_LANGUAGE_STANDARD = gnu99;
				GCC_DYNAMIC_NO_PIC = NO;
				GCC_NO_COMMON_BLOCKS = YES;
				GCC_OPTIMIZATION_LEVEL = 0;
				GCC_PREPROCESSOR_DEFINITIONS = (
					"DEBUG=1",
					"$(inherited)",
				);
				GCC_SYMBOLS_PRIVATE_EXTERN = NO;
				GCC_WARN_64_TO_32_BIT_CONVERSION = YES;
				GCC_WARN_ABOUT_RETURN_TYPE = YES_ERROR;
				GCC_WARN_UNDECLARED_SELECTOR = YES;
				GCC_WARN_UNINITIALIZED_AUTOS = YES_AGGRESSIVE;
				GCC_WARN_UNUSED_FUNCTION = YES;
				GCC_WARN_UNUSED_VARIABLE = YES;
				IPHONEOS_DEPLOYMENT_TARGET = 8.4;
				MTL_ENABLE_DEBUG_INFO = YES;
				ONLY_ACTIVE_ARCH = YES;
				SDKROOT = iphoneos;
				SWIFT_OPTIMIZATION_LEVEL = "-Onone";
			};
			name = Debug;
		};
		2B5F3ED61B7A899600E10F89 /* Release */ = {
			isa = XCBuildConfiguration;
			buildSettings = {
				ALWAYS_SEARCH_USER_PATHS = NO;
				CLANG_CXX_LANGUAGE_STANDARD = "gnu++0x";
				CLANG_CXX_LIBRARY = "libc++";
				CLANG_ENABLE_MODULES = YES;
				CLANG_ENABLE_OBJC_ARC = YES;
				CLANG_WARN_BOOL_CONVERSION = YES;
				CLANG_WARN_CONSTANT_CONVERSION = YES;
				CLANG_WARN_DIRECT_OBJC_ISA_USAGE = YES_ERROR;
				CLANG_WARN_EMPTY_BODY = YES;
				CLANG_WARN_ENUM_CONVERSION = YES;
				CLANG_WARN_INT_CONVERSION = YES;
				CLANG_WARN_OBJC_ROOT_CLASS = YES_ERROR;
				CLANG_WARN_UNREACHABLE_CODE = YES;
				CLANG_WARN__DUPLICATE_METHOD_MATCH = YES;
				"CODE_SIGN_IDENTITY[sdk=iphoneos*]" = "iPhone Developer";
				COPY_PHASE_STRIP = NO;
				DEBUG_INFORMATION_FORMAT = "dwarf-with-dsym";
				ENABLE_BITCODE = YES;
				ENABLE_NS_ASSERTIONS = NO;
				ENABLE_STRICT_OBJC_MSGSEND = YES;
				GCC_C_LANGUAGE_STANDARD = gnu99;
				GCC_NO_COMMON_BLOCKS = YES;
				GCC_WARN_64_TO_32_BIT_CONVERSION = YES;
				GCC_WARN_ABOUT_RETURN_TYPE = YES_ERROR;
				GCC_WARN_UNDECLARED_SELECTOR = YES;
				GCC_WARN_UNINITIALIZED_AUTOS = YES_AGGRESSIVE;
				GCC_WARN_UNUSED_FUNCTION = YES;
				GCC_WARN_UNUSED_VARIABLE = YES;
				IPHONEOS_DEPLOYMENT_TARGET = 8.4;
				MTL_ENABLE_DEBUG_INFO = NO;
				SDKROOT = iphoneos;
				VALIDATE_PRODUCT = YES;
			};
			name = Release;
		};
		2B5F3ED81B7A899600E10F89 /* Debug */ = {
			isa = XCBuildConfiguration;
			buildSettings = {
				ASSETCATALOG_COMPILER_APPICON_NAME = AppIcon;
				CLANG_ENABLE_MODULES = YES;
				ENABLE_BITCODE = NO;
				FRAMEWORK_SEARCH_PATHS = (
					"$(inherited)",
					"$(PROJECT_DIR)",
				);
				INFOPLIST_FILE = "Wat Next/Info.plist";
				IPHONEOS_DEPLOYMENT_TARGET = 8.4;
				LD_RUNPATH_SEARCH_PATHS = "$(inherited) @executable_path/Frameworks";
				PRODUCT_BUNDLE_IDENTIFIER = "computer.$(PRODUCT_NAME:rfc1034identifier)";
				PRODUCT_NAME = "$(TARGET_NAME)";
				SWIFT_OBJC_BRIDGING_HEADER = "Wat Next/Wat Next-Bridging-Header.h";
				SWIFT_OPTIMIZATION_LEVEL = "-Onone";
			};
			name = Debug;
		};
		2B5F3ED91B7A899600E10F89 /* Release */ = {
			isa = XCBuildConfiguration;
			buildSettings = {
				ASSETCATALOG_COMPILER_APPICON_NAME = AppIcon;
				CLANG_ENABLE_MODULES = YES;
				ENABLE_BITCODE = YES;
				FRAMEWORK_SEARCH_PATHS = (
					"$(inherited)",
					"$(PROJECT_DIR)",
				);
				INFOPLIST_FILE = "Wat Next/Info.plist";
				IPHONEOS_DEPLOYMENT_TARGET = 8.4;
				LD_RUNPATH_SEARCH_PATHS = "$(inherited) @executable_path/Frameworks";
				PRODUCT_BUNDLE_IDENTIFIER = "computer.$(PRODUCT_NAME:rfc1034identifier)";
				PRODUCT_NAME = "$(TARGET_NAME)";
				SWIFT_OBJC_BRIDGING_HEADER = "Wat Next/Wat Next-Bridging-Header.h";
			};
			name = Release;
		};
		2B5F3EDB1B7A899600E10F89 /* Debug */ = {
			isa = XCBuildConfiguration;
			buildSettings = {
				BUNDLE_LOADER = "$(TEST_HOST)";
				ENABLE_BITCODE = NO;
				FRAMEWORK_SEARCH_PATHS = (
					"$(SDKROOT)/Developer/Library/Frameworks",
					"$(inherited)",
				);
				GCC_PREPROCESSOR_DEFINITIONS = (
					"DEBUG=1",
					"$(inherited)",
				);
				INFOPLIST_FILE = "Wat NextTests/Info.plist";
				LD_RUNPATH_SEARCH_PATHS = "$(inherited) @executable_path/Frameworks @loader_path/Frameworks";
				PRODUCT_BUNDLE_IDENTIFIER = "computer.$(PRODUCT_NAME:rfc1034identifier)";
				PRODUCT_NAME = "$(TARGET_NAME)";
				TEST_HOST = "$(BUILT_PRODUCTS_DIR)/What's Next.app/What's Next";
			};
			name = Debug;
		};
		2B5F3EDC1B7A899600E10F89 /* Release */ = {
			isa = XCBuildConfiguration;
			buildSettings = {
				BUNDLE_LOADER = "$(TEST_HOST)";
				ENABLE_BITCODE = YES;
				FRAMEWORK_SEARCH_PATHS = (
					"$(SDKROOT)/Developer/Library/Frameworks",
					"$(inherited)",
				);
				INFOPLIST_FILE = "Wat NextTests/Info.plist";
				LD_RUNPATH_SEARCH_PATHS = "$(inherited) @executable_path/Frameworks @loader_path/Frameworks";
				PRODUCT_BUNDLE_IDENTIFIER = "computer.$(PRODUCT_NAME:rfc1034identifier)";
				PRODUCT_NAME = "$(TARGET_NAME)";
				TEST_HOST = "$(BUILT_PRODUCTS_DIR)/What's Next.app/What's Next";
			};
			name = Release;
		};
/* End XCBuildConfiguration section */

/* Begin XCConfigurationList section */
		2B5F3EB31B7A899600E10F89 /* Build configuration list for PBXProject "What's Next" */ = {
			isa = XCConfigurationList;
			buildConfigurations = (
				2B5F3ED51B7A899600E10F89 /* Debug */,
				2B5F3ED61B7A899600E10F89 /* Release */,
			);
			defaultConfigurationIsVisible = 0;
			defaultConfigurationName = Release;
		};
		2B5F3ED71B7A899600E10F89 /* Build configuration list for PBXNativeTarget "What's Next" */ = {
			isa = XCConfigurationList;
			buildConfigurations = (
				2B5F3ED81B7A899600E10F89 /* Debug */,
				2B5F3ED91B7A899600E10F89 /* Release */,
			);
			defaultConfigurationIsVisible = 0;
			defaultConfigurationName = Release;
		};
		2B5F3EDA1B7A899600E10F89 /* Build configuration list for PBXNativeTarget "What's NextTests" */ = {
			isa = XCConfigurationList;
			buildConfigurations = (
				2B5F3EDB1B7A899600E10F89 /* Debug */,
				2B5F3EDC1B7A899600E10F89 /* Release */,
			);
			defaultConfigurationIsVisible = 0;
			defaultConfigurationName = Release;
		};
/* End XCConfigurationList section */
	};
	rootObject = 2B5F3EB01B7A899600E10F89 /* Project object */;
}
